// !$*UTF8*$!
{
	archiveVersion = 1;
	classes = {
	};
	objectVersion = 55;
	objects = {

/* Begin PBXBuildFile section */
		27D09C488B127A5677D8F9C3 /* Pods_InstagramOore.framework in Frameworks */ = {isa = PBXBuildFile; fileRef = 2B60218176DAA476F30A4DAC /* Pods_InstagramOore.framework */; };
		44B15B5EDDD26EF20E659F3C /* Pods_InstagramOoreTests.framework in Frameworks */ = {isa = PBXBuildFile; fileRef = 02BE0B1B0325239FF30013CF /* Pods_InstagramOoreTests.framework */; };
		545E812FE72FB13EE490C1DE /* Pods_InstagramOore_InstagramOoreUITests.framework in Frameworks */ = {isa = PBXBuildFile; fileRef = E990DA26BEBEB7BF14124721 /* Pods_InstagramOore_InstagramOoreUITests.framework */; };
		8932F76328697C8B003612CF /* AppDelegate.m in Sources */ = {isa = PBXBuildFile; fileRef = 8932F76228697C8B003612CF /* AppDelegate.m */; };
		8932F76628697C8B003612CF /* SceneDelegate.m in Sources */ = {isa = PBXBuildFile; fileRef = 8932F76528697C8B003612CF /* SceneDelegate.m */; };
		8932F76C28697C8B003612CF /* Main.storyboard in Resources */ = {isa = PBXBuildFile; fileRef = 8932F76A28697C8B003612CF /* Main.storyboard */; };
		8932F76E28697C8B003612CF /* Assets.xcassets in Resources */ = {isa = PBXBuildFile; fileRef = 8932F76D28697C8B003612CF /* Assets.xcassets */; };
		8932F77128697C8C003612CF /* LaunchScreen.storyboard in Resources */ = {isa = PBXBuildFile; fileRef = 8932F76F28697C8C003612CF /* LaunchScreen.storyboard */; };
		8932F77428697C8C003612CF /* main.m in Sources */ = {isa = PBXBuildFile; fileRef = 8932F77328697C8C003612CF /* main.m */; };
		8932F77E28697C8C003612CF /* InstagramOoreTests.m in Sources */ = {isa = PBXBuildFile; fileRef = 8932F77D28697C8C003612CF /* InstagramOoreTests.m */; };
		8932F78828697C8C003612CF /* InstagramOoreUITests.m in Sources */ = {isa = PBXBuildFile; fileRef = 8932F78728697C8C003612CF /* InstagramOoreUITests.m */; };
		8932F78A28697C8C003612CF /* InstagramOoreUITestsLaunchTests.m in Sources */ = {isa = PBXBuildFile; fileRef = 8932F78928697C8C003612CF /* InstagramOoreUITestsLaunchTests.m */; };
		8932F7E2286A4A07003612CF /* LoginViewController.m in Sources */ = {isa = PBXBuildFile; fileRef = 8932F7E1286A4A07003612CF /* LoginViewController.m */; };
		8932F7E5286A4DC9003612CF /* PostViewController.m in Sources */ = {isa = PBXBuildFile; fileRef = 8932F7E4286A4DC9003612CF /* PostViewController.m */; };
		8932F7E8286A589D003612CF /* PhotoViewController.m in Sources */ = {isa = PBXBuildFile; fileRef = 8932F7E7286A589D003612CF /* PhotoViewController.m */; };
		8932F7EB286A5D39003612CF /* Post.m in Sources */ = {isa = PBXBuildFile; fileRef = 8932F7EA286A5D39003612CF /* Post.m */; };
		8932F7F0286A750F003612CF /* InstaCell.m in Sources */ = {isa = PBXBuildFile; fileRef = 8932F7EE286A750F003612CF /* InstaCell.m */; };
		8932F7F5286B7D0D003612CF /* DetailsViewController.m in Sources */ = {isa = PBXBuildFile; fileRef = 8932F7F4286B7D0D003612CF /* DetailsViewController.m */; };
/* End PBXBuildFile section */

/* Begin PBXContainerItemProxy section */
		8932F77A28697C8C003612CF /* PBXContainerItemProxy */ = {
			isa = PBXContainerItemProxy;
			containerPortal = 8932F75628697C8B003612CF /* Project object */;
			proxyType = 1;
			remoteGlobalIDString = 8932F75D28697C8B003612CF;
			remoteInfo = InstagramOore;
		};
		8932F78428697C8C003612CF /* PBXContainerItemProxy */ = {
			isa = PBXContainerItemProxy;
			containerPortal = 8932F75628697C8B003612CF /* Project object */;
			proxyType = 1;
			remoteGlobalIDString = 8932F75D28697C8B003612CF;
			remoteInfo = InstagramOore;
		};
/* End PBXContainerItemProxy section */

/* Begin PBXFileReference section */
		02BE0B1B0325239FF30013CF /* Pods_InstagramOoreTests.framework */ = {isa = PBXFileReference; explicitFileType = wrapper.framework; includeInIndex = 0; path = Pods_InstagramOoreTests.framework; sourceTree = BUILT_PRODUCTS_DIR; };
		0C33650AA076A6A473039E01 /* Pods-InstagramOore-InstagramOoreUITests.debug.xcconfig */ = {isa = PBXFileReference; includeInIndex = 1; lastKnownFileType = text.xcconfig; name = "Pods-InstagramOore-InstagramOoreUITests.debug.xcconfig"; path = "Target Support Files/Pods-InstagramOore-InstagramOoreUITests/Pods-InstagramOore-InstagramOoreUITests.debug.xcconfig"; sourceTree = "<group>"; };
		2B60218176DAA476F30A4DAC /* Pods_InstagramOore.framework */ = {isa = PBXFileReference; explicitFileType = wrapper.framework; includeInIndex = 0; path = Pods_InstagramOore.framework; sourceTree = BUILT_PRODUCTS_DIR; };
		7638A52B53DDFA3711BC7FC0 /* Pods-InstagramOoreTests.debug.xcconfig */ = {isa = PBXFileReference; includeInIndex = 1; lastKnownFileType = text.xcconfig; name = "Pods-InstagramOoreTests.debug.xcconfig"; path = "Target Support Files/Pods-InstagramOoreTests/Pods-InstagramOoreTests.debug.xcconfig"; sourceTree = "<group>"; };
		7B358DA7F33492A579292626 /* Pods-InstagramOore.debug.xcconfig */ = {isa = PBXFileReference; includeInIndex = 1; lastKnownFileType = text.xcconfig; name = "Pods-InstagramOore.debug.xcconfig"; path = "Target Support Files/Pods-InstagramOore/Pods-InstagramOore.debug.xcconfig"; sourceTree = "<group>"; };
		8932F75E28697C8B003612CF /* InstagramOore.app */ = {isa = PBXFileReference; explicitFileType = wrapper.application; includeInIndex = 0; path = InstagramOore.app; sourceTree = BUILT_PRODUCTS_DIR; };
		8932F76128697C8B003612CF /* AppDelegate.h */ = {isa = PBXFileReference; lastKnownFileType = sourcecode.c.h; path = AppDelegate.h; sourceTree = "<group>"; };
		8932F76228697C8B003612CF /* AppDelegate.m */ = {isa = PBXFileReference; lastKnownFileType = sourcecode.c.objc; path = AppDelegate.m; sourceTree = "<group>"; };
		8932F76428697C8B003612CF /* SceneDelegate.h */ = {isa = PBXFileReference; lastKnownFileType = sourcecode.c.h; path = SceneDelegate.h; sourceTree = "<group>"; };
		8932F76528697C8B003612CF /* SceneDelegate.m */ = {isa = PBXFileReference; lastKnownFileType = sourcecode.c.objc; path = SceneDelegate.m; sourceTree = "<group>"; };
		8932F76B28697C8B003612CF /* Base */ = {isa = PBXFileReference; lastKnownFileType = file.storyboard; name = Base; path = Base.lproj/Main.storyboard; sourceTree = "<group>"; };
		8932F76D28697C8B003612CF /* Assets.xcassets */ = {isa = PBXFileReference; lastKnownFileType = folder.assetcatalog; path = Assets.xcassets; sourceTree = "<group>"; };
		8932F77028697C8C003612CF /* Base */ = {isa = PBXFileReference; lastKnownFileType = file.storyboard; name = Base; path = Base.lproj/LaunchScreen.storyboard; sourceTree = "<group>"; };
		8932F77228697C8C003612CF /* Info.plist */ = {isa = PBXFileReference; lastKnownFileType = text.plist.xml; path = Info.plist; sourceTree = "<group>"; };
		8932F77328697C8C003612CF /* main.m */ = {isa = PBXFileReference; lastKnownFileType = sourcecode.c.objc; path = main.m; sourceTree = "<group>"; };
		8932F77928697C8C003612CF /* InstagramOoreTests.xctest */ = {isa = PBXFileReference; explicitFileType = wrapper.cfbundle; includeInIndex = 0; path = InstagramOoreTests.xctest; sourceTree = BUILT_PRODUCTS_DIR; };
		8932F77D28697C8C003612CF /* InstagramOoreTests.m */ = {isa = PBXFileReference; lastKnownFileType = sourcecode.c.objc; path = InstagramOoreTests.m; sourceTree = "<group>"; };
		8932F78328697C8C003612CF /* InstagramOoreUITests.xctest */ = {isa = PBXFileReference; explicitFileType = wrapper.cfbundle; includeInIndex = 0; path = InstagramOoreUITests.xctest; sourceTree = BUILT_PRODUCTS_DIR; };
		8932F78728697C8C003612CF /* InstagramOoreUITests.m */ = {isa = PBXFileReference; lastKnownFileType = sourcecode.c.objc; path = InstagramOoreUITests.m; sourceTree = "<group>"; };
		8932F78928697C8C003612CF /* InstagramOoreUITestsLaunchTests.m */ = {isa = PBXFileReference; lastKnownFileType = sourcecode.c.objc; path = InstagramOoreUITestsLaunchTests.m; sourceTree = "<group>"; };
		8932F7E0286A4A07003612CF /* LoginViewController.h */ = {isa = PBXFileReference; lastKnownFileType = sourcecode.c.h; path = LoginViewController.h; sourceTree = "<group>"; };
		8932F7E1286A4A07003612CF /* LoginViewController.m */ = {isa = PBXFileReference; lastKnownFileType = sourcecode.c.objc; path = LoginViewController.m; sourceTree = "<group>"; };
		8932F7E3286A4DC9003612CF /* PostViewController.h */ = {isa = PBXFileReference; lastKnownFileType = sourcecode.c.h; path = PostViewController.h; sourceTree = "<group>"; };
		8932F7E4286A4DC9003612CF /* PostViewController.m */ = {isa = PBXFileReference; lastKnownFileType = sourcecode.c.objc; path = PostViewController.m; sourceTree = "<group>"; };
		8932F7E6286A589D003612CF /* PhotoViewController.h */ = {isa = PBXFileReference; lastKnownFileType = sourcecode.c.h; path = PhotoViewController.h; sourceTree = "<group>"; };
		8932F7E7286A589D003612CF /* PhotoViewController.m */ = {isa = PBXFileReference; lastKnownFileType = sourcecode.c.objc; path = PhotoViewController.m; sourceTree = "<group>"; };
		8932F7E9286A5D39003612CF /* Post.h */ = {isa = PBXFileReference; lastKnownFileType = sourcecode.c.h; path = Post.h; sourceTree = "<group>"; };
		8932F7EA286A5D39003612CF /* Post.m */ = {isa = PBXFileReference; lastKnownFileType = sourcecode.c.objc; path = Post.m; sourceTree = "<group>"; };
		8932F7EE286A750F003612CF /* InstaCell.m */ = {isa = PBXFileReference; lastKnownFileType = sourcecode.c.objc; path = InstaCell.m; sourceTree = "<group>"; };
		8932F7EF286A750F003612CF /* InstaCell.h */ = {isa = PBXFileReference; lastKnownFileType = sourcecode.c.h; path = InstaCell.h; sourceTree = "<group>"; };
		8932F7F3286B7D0D003612CF /* DetailsViewController.h */ = {isa = PBXFileReference; lastKnownFileType = sourcecode.c.h; path = DetailsViewController.h; sourceTree = "<group>"; };
		8932F7F4286B7D0D003612CF /* DetailsViewController.m */ = {isa = PBXFileReference; lastKnownFileType = sourcecode.c.objc; path = DetailsViewController.m; sourceTree = "<group>"; };
		D074C9220CD316DD0A016C84 /* Pods-InstagramOore.release.xcconfig */ = {isa = PBXFileReference; includeInIndex = 1; lastKnownFileType = text.xcconfig; name = "Pods-InstagramOore.release.xcconfig"; path = "Target Support Files/Pods-InstagramOore/Pods-InstagramOore.release.xcconfig"; sourceTree = "<group>"; };
		D8BB3C756B62284948AF1E7D /* Pods-InstagramOore-InstagramOoreUITests.release.xcconfig */ = {isa = PBXFileReference; includeInIndex = 1; lastKnownFileType = text.xcconfig; name = "Pods-InstagramOore-InstagramOoreUITests.release.xcconfig"; path = "Target Support Files/Pods-InstagramOore-InstagramOoreUITests/Pods-InstagramOore-InstagramOoreUITests.release.xcconfig"; sourceTree = "<group>"; };
		E990DA26BEBEB7BF14124721 /* Pods_InstagramOore_InstagramOoreUITests.framework */ = {isa = PBXFileReference; explicitFileType = wrapper.framework; includeInIndex = 0; path = Pods_InstagramOore_InstagramOoreUITests.framework; sourceTree = BUILT_PRODUCTS_DIR; };
		F7A2AD24FE61E0656DFD4424 /* Pods-InstagramOoreTests.release.xcconfig */ = {isa = PBXFileReference; includeInIndex = 1; lastKnownFileType = text.xcconfig; name = "Pods-InstagramOoreTests.release.xcconfig"; path = "Target Support Files/Pods-InstagramOoreTests/Pods-InstagramOoreTests.release.xcconfig"; sourceTree = "<group>"; };
/* End PBXFileReference section */

/* Begin PBXFrameworksBuildPhase section */
		8932F75B28697C8B003612CF /* Frameworks */ = {
			isa = PBXFrameworksBuildPhase;
			buildActionMask = 2147483647;
			files = (
				27D09C488B127A5677D8F9C3 /* Pods_InstagramOore.framework in Frameworks */,
			);
			runOnlyForDeploymentPostprocessing = 0;
		};
		8932F77628697C8C003612CF /* Frameworks */ = {
			isa = PBXFrameworksBuildPhase;
			buildActionMask = 2147483647;
			files = (
				44B15B5EDDD26EF20E659F3C /* Pods_InstagramOoreTests.framework in Frameworks */,
			);
			runOnlyForDeploymentPostprocessing = 0;
		};
		8932F78028697C8C003612CF /* Frameworks */ = {
			isa = PBXFrameworksBuildPhase;
			buildActionMask = 2147483647;
			files = (
				545E812FE72FB13EE490C1DE /* Pods_InstagramOore_InstagramOoreUITests.framework in Frameworks */,
			);
			runOnlyForDeploymentPostprocessing = 0;
		};
/* End PBXFrameworksBuildPhase section */

/* Begin PBXGroup section */
		7C7C0BE6CE0CD9EE41309FA0 /* Pods */ = {
			isa = PBXGroup;
			children = (
				7B358DA7F33492A579292626 /* Pods-InstagramOore.debug.xcconfig */,
				D074C9220CD316DD0A016C84 /* Pods-InstagramOore.release.xcconfig */,
				0C33650AA076A6A473039E01 /* Pods-InstagramOore-InstagramOoreUITests.debug.xcconfig */,
				D8BB3C756B62284948AF1E7D /* Pods-InstagramOore-InstagramOoreUITests.release.xcconfig */,
				7638A52B53DDFA3711BC7FC0 /* Pods-InstagramOoreTests.debug.xcconfig */,
				F7A2AD24FE61E0656DFD4424 /* Pods-InstagramOoreTests.release.xcconfig */,
			);
			path = Pods;
			sourceTree = "<group>";
		};
		85D3EEE8DA33737DAC1CDC51 /* Frameworks */ = {
			isa = PBXGroup;
			children = (
				2B60218176DAA476F30A4DAC /* Pods_InstagramOore.framework */,
				E990DA26BEBEB7BF14124721 /* Pods_InstagramOore_InstagramOoreUITests.framework */,
				02BE0B1B0325239FF30013CF /* Pods_InstagramOoreTests.framework */,
			);
			name = Frameworks;
			sourceTree = "<group>";
		};
		8932F75528697C8B003612CF = {
			isa = PBXGroup;
			children = (
				8932F76028697C8B003612CF /* InstagramOore */,
				8932F77C28697C8C003612CF /* InstagramOoreTests */,
				8932F78628697C8C003612CF /* InstagramOoreUITests */,
				8932F75F28697C8B003612CF /* Products */,
				7C7C0BE6CE0CD9EE41309FA0 /* Pods */,
				85D3EEE8DA33737DAC1CDC51 /* Frameworks */,
			);
			sourceTree = "<group>";
		};
		8932F75F28697C8B003612CF /* Products */ = {
			isa = PBXGroup;
			children = (
				8932F75E28697C8B003612CF /* InstagramOore.app */,
				8932F77928697C8C003612CF /* InstagramOoreTests.xctest */,
				8932F78328697C8C003612CF /* InstagramOoreUITests.xctest */,
			);
			name = Products;
			sourceTree = "<group>";
		};
		8932F76028697C8B003612CF /* InstagramOore */ = {
			isa = PBXGroup;
			children = (
				8932F7F8286B7D66003612CF /* Delegates */,
				8932F7F7286B7D29003612CF /* ViewControllers */,
				8932F7F6286B7D1B003612CF /* Models */,
				8932F76D28697C8B003612CF /* Assets.xcassets */,
				8932F7F9286B7D7C003612CF /* Storyboards */,
				8932F77228697C8C003612CF /* Info.plist */,
				8932F77328697C8C003612CF /* main.m */,
			);
			path = InstagramOore;
			sourceTree = "<group>";
		};
		8932F77C28697C8C003612CF /* InstagramOoreTests */ = {
			isa = PBXGroup;
			children = (
				8932F77D28697C8C003612CF /* InstagramOoreTests.m */,
			);
			path = InstagramOoreTests;
			sourceTree = "<group>";
		};
		8932F78628697C8C003612CF /* InstagramOoreUITests */ = {
			isa = PBXGroup;
			children = (
				8932F78728697C8C003612CF /* InstagramOoreUITests.m */,
				8932F78928697C8C003612CF /* InstagramOoreUITestsLaunchTests.m */,
			);
			path = InstagramOoreUITests;
			sourceTree = "<group>";
		};
		8932F7F6286B7D1B003612CF /* Models */ = {
			isa = PBXGroup;
			children = (
				8932F7EF286A750F003612CF /* InstaCell.h */,
				8932F7EE286A750F003612CF /* InstaCell.m */,
				8932F7E9286A5D39003612CF /* Post.h */,
				8932F7EA286A5D39003612CF /* Post.m */,
			);
			path = Models;
			sourceTree = "<group>";
		};
		8932F7F7286B7D29003612CF /* ViewControllers */ = {
			isa = PBXGroup;
			children = (
				8932F7E6286A589D003612CF /* PhotoViewController.h */,
				8932F7E7286A589D003612CF /* PhotoViewController.m */,
				8932F7E3286A4DC9003612CF /* PostViewController.h */,
				8932F7E4286A4DC9003612CF /* PostViewController.m */,
				8932F7E0286A4A07003612CF /* LoginViewController.h */,
				8932F7E1286A4A07003612CF /* LoginViewController.m */,
				8932F7F3286B7D0D003612CF /* DetailsViewController.h */,
				8932F7F4286B7D0D003612CF /* DetailsViewController.m */,
			);
			path = ViewControllers;
			sourceTree = "<group>";
		};
		8932F7F8286B7D66003612CF /* Delegates */ = {
			isa = PBXGroup;
			children = (
				8932F76128697C8B003612CF /* AppDelegate.h */,
				8932F76228697C8B003612CF /* AppDelegate.m */,
				8932F76428697C8B003612CF /* SceneDelegate.h */,
				8932F76528697C8B003612CF /* SceneDelegate.m */,
			);
			path = Delegates;
			sourceTree = "<group>";
		};
		8932F7F9286B7D7C003612CF /* Storyboards */ = {
			isa = PBXGroup;
			children = (
				8932F76A28697C8B003612CF /* Main.storyboard */,
				8932F76F28697C8C003612CF /* LaunchScreen.storyboard */,
			);
			path = Storyboards;
			sourceTree = "<group>";
		};
/* End PBXGroup section */

/* Begin PBXNativeTarget section */
		8932F75D28697C8B003612CF /* InstagramOore */ = {
			isa = PBXNativeTarget;
			buildConfigurationList = 8932F78D28697C8C003612CF /* Build configuration list for PBXNativeTarget "InstagramOore" */;
			buildPhases = (
				4DAAD13A63093966BBE24A7C /* [CP] Check Pods Manifest.lock */,
				8932F75A28697C8B003612CF /* Sources */,
				8932F75B28697C8B003612CF /* Frameworks */,
				8932F75C28697C8B003612CF /* Resources */,
				826771E6D6DD047AC43DAD5F /* [CP] Embed Pods Frameworks */,
			);
			buildRules = (
			);
			dependencies = (
			);
			name = InstagramOore;
			productName = InstagramOore;
			productReference = 8932F75E28697C8B003612CF /* InstagramOore.app */;
			productType = "com.apple.product-type.application";
		};
		8932F77828697C8C003612CF /* InstagramOoreTests */ = {
			isa = PBXNativeTarget;
			buildConfigurationList = 8932F79028697C8C003612CF /* Build configuration list for PBXNativeTarget "InstagramOoreTests" */;
			buildPhases = (
				4E1CCFBB3D3ACF67C6AB4172 /* [CP] Check Pods Manifest.lock */,
				8932F77528697C8C003612CF /* Sources */,
				8932F77628697C8C003612CF /* Frameworks */,
				8932F77728697C8C003612CF /* Resources */,
			);
			buildRules = (
			);
			dependencies = (
				8932F77B28697C8C003612CF /* PBXTargetDependency */,
			);
			name = InstagramOoreTests;
			productName = InstagramOoreTests;
			productReference = 8932F77928697C8C003612CF /* InstagramOoreTests.xctest */;
			productType = "com.apple.product-type.bundle.unit-test";
		};
		8932F78228697C8C003612CF /* InstagramOoreUITests */ = {
			isa = PBXNativeTarget;
			buildConfigurationList = 8932F79328697C8C003612CF /* Build configuration list for PBXNativeTarget "InstagramOoreUITests" */;
			buildPhases = (
				821AD1C973A81A3A05FF49E3 /* [CP] Check Pods Manifest.lock */,
				8932F77F28697C8C003612CF /* Sources */,
				8932F78028697C8C003612CF /* Frameworks */,
				8932F78128697C8C003612CF /* Resources */,
				DE2733D2A151F4CCB05F62D4 /* [CP] Embed Pods Frameworks */,
			);
			buildRules = (
			);
			dependencies = (
				8932F78528697C8C003612CF /* PBXTargetDependency */,
			);
			name = InstagramOoreUITests;
			productName = InstagramOoreUITests;
			productReference = 8932F78328697C8C003612CF /* InstagramOoreUITests.xctest */;
			productType = "com.apple.product-type.bundle.ui-testing";
		};
/* End PBXNativeTarget section */

/* Begin PBXProject section */
		8932F75628697C8B003612CF /* Project object */ = {
			isa = PBXProject;
			attributes = {
				BuildIndependentTargetsInParallel = 1;
				LastUpgradeCheck = 1340;
				TargetAttributes = {
					8932F75D28697C8B003612CF = {
						CreatedOnToolsVersion = 13.4.1;
					};
					8932F77828697C8C003612CF = {
						CreatedOnToolsVersion = 13.4.1;
						TestTargetID = 8932F75D28697C8B003612CF;
					};
					8932F78228697C8C003612CF = {
						CreatedOnToolsVersion = 13.4.1;
						TestTargetID = 8932F75D28697C8B003612CF;
					};
				};
			};
			buildConfigurationList = 8932F75928697C8B003612CF /* Build configuration list for PBXProject "InstagramOore" */;
			compatibilityVersion = "Xcode 13.0";
			developmentRegion = en;
			hasScannedForEncodings = 0;
			knownRegions = (
				en,
				Base,
			);
			mainGroup = 8932F75528697C8B003612CF;
			productRefGroup = 8932F75F28697C8B003612CF /* Products */;
			projectDirPath = "";
			projectRoot = "";
			targets = (
				8932F75D28697C8B003612CF /* InstagramOore */,
				8932F77828697C8C003612CF /* InstagramOoreTests */,
				8932F78228697C8C003612CF /* InstagramOoreUITests */,
			);
		};
/* End PBXProject section */

/* Begin PBXResourcesBuildPhase section */
		8932F75C28697C8B003612CF /* Resources */ = {
			isa = PBXResourcesBuildPhase;
			buildActionMask = 2147483647;
			files = (
				8932F77128697C8C003612CF /* LaunchScreen.storyboard in Resources */,
				8932F76E28697C8B003612CF /* Assets.xcassets in Resources */,
				8932F76C28697C8B003612CF /* Main.storyboard in Resources */,
			);
			runOnlyForDeploymentPostprocessing = 0;
		};
		8932F77728697C8C003612CF /* Resources */ = {
			isa = PBXResourcesBuildPhase;
			buildActionMask = 2147483647;
			files = (
			);
			runOnlyForDeploymentPostprocessing = 0;
		};
		8932F78128697C8C003612CF /* Resources */ = {
			isa = PBXResourcesBuildPhase;
			buildActionMask = 2147483647;
			files = (
			);
			runOnlyForDeploymentPostprocessing = 0;
		};
/* End PBXResourcesBuildPhase section */

/* Begin PBXShellScriptBuildPhase section */
		4DAAD13A63093966BBE24A7C /* [CP] Check Pods Manifest.lock */ = {
			isa = PBXShellScriptBuildPhase;
			buildActionMask = 2147483647;
			files = (
			);
			inputFileListPaths = (
			);
			inputPaths = (
				"${PODS_PODFILE_DIR_PATH}/Podfile.lock",
				"${PODS_ROOT}/Manifest.lock",
			);
			name = "[CP] Check Pods Manifest.lock";
			outputFileListPaths = (
			);
			outputPaths = (
				"$(DERIVED_FILE_DIR)/Pods-InstagramOore-checkManifestLockResult.txt",
			);
			runOnlyForDeploymentPostprocessing = 0;
			shellPath = /bin/sh;
			shellScript = "diff \"${PODS_PODFILE_DIR_PATH}/Podfile.lock\" \"${PODS_ROOT}/Manifest.lock\" > /dev/null\nif [ $? != 0 ] ; then\n    # print error to STDERR\n    echo \"error: The sandbox is not in sync with the Podfile.lock. Run 'pod install' or update your CocoaPods installation.\" >&2\n    exit 1\nfi\n# This output is used by Xcode 'outputs' to avoid re-running this script phase.\necho \"SUCCESS\" > \"${SCRIPT_OUTPUT_FILE_0}\"\n";
			showEnvVarsInLog = 0;
		};
		4E1CCFBB3D3ACF67C6AB4172 /* [CP] Check Pods Manifest.lock */ = {
			isa = PBXShellScriptBuildPhase;
			buildActionMask = 2147483647;
			files = (
			);
			inputFileListPaths = (
			);
			inputPaths = (
				"${PODS_PODFILE_DIR_PATH}/Podfile.lock",
				"${PODS_ROOT}/Manifest.lock",
			);
			name = "[CP] Check Pods Manifest.lock";
			outputFileListPaths = (
			);
			outputPaths = (
				"$(DERIVED_FILE_DIR)/Pods-InstagramOoreTests-checkManifestLockResult.txt",
			);
			runOnlyForDeploymentPostprocessing = 0;
			shellPath = /bin/sh;
			shellScript = "diff \"${PODS_PODFILE_DIR_PATH}/Podfile.lock\" \"${PODS_ROOT}/Manifest.lock\" > /dev/null\nif [ $? != 0 ] ; then\n    # print error to STDERR\n    echo \"error: The sandbox is not in sync with the Podfile.lock. Run 'pod install' or update your CocoaPods installation.\" >&2\n    exit 1\nfi\n# This output is used by Xcode 'outputs' to avoid re-running this script phase.\necho \"SUCCESS\" > \"${SCRIPT_OUTPUT_FILE_0}\"\n";
			showEnvVarsInLog = 0;
		};
		821AD1C973A81A3A05FF49E3 /* [CP] Check Pods Manifest.lock */ = {
			isa = PBXShellScriptBuildPhase;
			buildActionMask = 2147483647;
			files = (
			);
			inputFileListPaths = (
			);
			inputPaths = (
				"${PODS_PODFILE_DIR_PATH}/Podfile.lock",
				"${PODS_ROOT}/Manifest.lock",
			);
			name = "[CP] Check Pods Manifest.lock";
			outputFileListPaths = (
			);
			outputPaths = (
				"$(DERIVED_FILE_DIR)/Pods-InstagramOore-InstagramOoreUITests-checkManifestLockResult.txt",
			);
			runOnlyForDeploymentPostprocessing = 0;
			shellPath = /bin/sh;
			shellScript = "diff \"${PODS_PODFILE_DIR_PATH}/Podfile.lock\" \"${PODS_ROOT}/Manifest.lock\" > /dev/null\nif [ $? != 0 ] ; then\n    # print error to STDERR\n    echo \"error: The sandbox is not in sync with the Podfile.lock. Run 'pod install' or update your CocoaPods installation.\" >&2\n    exit 1\nfi\n# This output is used by Xcode 'outputs' to avoid re-running this script phase.\necho \"SUCCESS\" > \"${SCRIPT_OUTPUT_FILE_0}\"\n";
			showEnvVarsInLog = 0;
		};
		826771E6D6DD047AC43DAD5F /* [CP] Embed Pods Frameworks */ = {
			isa = PBXShellScriptBuildPhase;
			buildActionMask = 2147483647;
			files = (
			);
			inputFileListPaths = (
				"${PODS_ROOT}/Target Support Files/Pods-InstagramOore/Pods-InstagramOore-frameworks-${CONFIGURATION}-input-files.xcfilelist",
			);
			name = "[CP] Embed Pods Frameworks";
			outputFileListPaths = (
				"${PODS_ROOT}/Target Support Files/Pods-InstagramOore/Pods-InstagramOore-frameworks-${CONFIGURATION}-output-files.xcfilelist",
			);
			runOnlyForDeploymentPostprocessing = 0;
			shellPath = /bin/sh;
			shellScript = "\"${PODS_ROOT}/Target Support Files/Pods-InstagramOore/Pods-InstagramOore-frameworks.sh\"\n";
			showEnvVarsInLog = 0;
		};
		DE2733D2A151F4CCB05F62D4 /* [CP] Embed Pods Frameworks */ = {
			isa = PBXShellScriptBuildPhase;
			buildActionMask = 2147483647;
			files = (
			);
			inputFileListPaths = (
				"${PODS_ROOT}/Target Support Files/Pods-InstagramOore-InstagramOoreUITests/Pods-InstagramOore-InstagramOoreUITests-frameworks-${CONFIGURATION}-input-files.xcfilelist",
			);
			name = "[CP] Embed Pods Frameworks";
			outputFileListPaths = (
				"${PODS_ROOT}/Target Support Files/Pods-InstagramOore-InstagramOoreUITests/Pods-InstagramOore-InstagramOoreUITests-frameworks-${CONFIGURATION}-output-files.xcfilelist",
			);
			runOnlyForDeploymentPostprocessing = 0;
			shellPath = /bin/sh;
			shellScript = "\"${PODS_ROOT}/Target Support Files/Pods-InstagramOore-InstagramOoreUITests/Pods-InstagramOore-InstagramOoreUITests-frameworks.sh\"\n";
			showEnvVarsInLog = 0;
		};
/* End PBXShellScriptBuildPhase section */

/* Begin PBXSourcesBuildPhase section */
		8932F75A28697C8B003612CF /* Sources */ = {
			isa = PBXSourcesBuildPhase;
			buildActionMask = 2147483647;
			files = (
				8932F7E2286A4A07003612CF /* LoginViewController.m in Sources */,
				8932F76328697C8B003612CF /* AppDelegate.m in Sources */,
				8932F77428697C8C003612CF /* main.m in Sources */,
				8932F7E8286A589D003612CF /* PhotoViewController.m in Sources */,
				8932F76628697C8B003612CF /* SceneDelegate.m in Sources */,
				8932F7F0286A750F003612CF /* InstaCell.m in Sources */,
				8932F7F5286B7D0D003612CF /* DetailsViewController.m in Sources */,
				8932F7E5286A4DC9003612CF /* PostViewController.m in Sources */,
				8932F7EB286A5D39003612CF /* Post.m in Sources */,
			);
			runOnlyForDeploymentPostprocessing = 0;
		};
		8932F77528697C8C003612CF /* Sources */ = {
			isa = PBXSourcesBuildPhase;
			buildActionMask = 2147483647;
			files = (
				8932F77E28697C8C003612CF /* InstagramOoreTests.m in Sources */,
			);
			runOnlyForDeploymentPostprocessing = 0;
		};
		8932F77F28697C8C003612CF /* Sources */ = {
			isa = PBXSourcesBuildPhase;
			buildActionMask = 2147483647;
			files = (
				8932F78A28697C8C003612CF /* InstagramOoreUITestsLaunchTests.m in Sources */,
				8932F78828697C8C003612CF /* InstagramOoreUITests.m in Sources */,
			);
			runOnlyForDeploymentPostprocessing = 0;
		};
/* End PBXSourcesBuildPhase section */

/* Begin PBXTargetDependency section */
		8932F77B28697C8C003612CF /* PBXTargetDependency */ = {
			isa = PBXTargetDependency;
			target = 8932F75D28697C8B003612CF /* InstagramOore */;
			targetProxy = 8932F77A28697C8C003612CF /* PBXContainerItemProxy */;
		};
		8932F78528697C8C003612CF /* PBXTargetDependency */ = {
			isa = PBXTargetDependency;
			target = 8932F75D28697C8B003612CF /* InstagramOore */;
			targetProxy = 8932F78428697C8C003612CF /* PBXContainerItemProxy */;
		};
/* End PBXTargetDependency section */

/* Begin PBXVariantGroup section */
		8932F76A28697C8B003612CF /* Main.storyboard */ = {
			isa = PBXVariantGroup;
			children = (
				8932F76B28697C8B003612CF /* Base */,
			);
			name = Main.storyboard;
			sourceTree = "<group>";
		};
		8932F76F28697C8C003612CF /* LaunchScreen.storyboard */ = {
			isa = PBXVariantGroup;
			children = (
				8932F77028697C8C003612CF /* Base */,
			);
			name = LaunchScreen.storyboard;
			sourceTree = "<group>";
		};
/* End PBXVariantGroup section */

/* Begin XCBuildConfiguration section */
		8932F78B28697C8C003612CF /* Debug */ = {
			isa = XCBuildConfiguration;
			buildSettings = {
				ALWAYS_SEARCH_USER_PATHS = NO;
				CLANG_ANALYZER_NONNULL = YES;
				CLANG_ANALYZER_NUMBER_OBJECT_CONVERSION = YES_AGGRESSIVE;
				CLANG_CXX_LANGUAGE_STANDARD = "gnu++17";
				CLANG_ENABLE_MODULES = YES;
				CLANG_ENABLE_OBJC_ARC = YES;
				CLANG_ENABLE_OBJC_WEAK = YES;
				CLANG_WARN_BLOCK_CAPTURE_AUTORELEASING = YES;
				CLANG_WARN_BOOL_CONVERSION = YES;
				CLANG_WARN_COMMA = YES;
				CLANG_WARN_CONSTANT_CONVERSION = YES;
				CLANG_WARN_DEPRECATED_OBJC_IMPLEMENTATIONS = YES;
				CLANG_WARN_DIRECT_OBJC_ISA_USAGE = YES_ERROR;
				CLANG_WARN_DOCUMENTATION_COMMENTS = YES;
				CLANG_WARN_EMPTY_BODY = YES;
				CLANG_WARN_ENUM_CONVERSION = YES;
				CLANG_WARN_INFINITE_RECURSION = YES;
				CLANG_WARN_INT_CONVERSION = YES;
				CLANG_WARN_NON_LITERAL_NULL_CONVERSION = YES;
				CLANG_WARN_OBJC_IMPLICIT_RETAIN_SELF = YES;
				CLANG_WARN_OBJC_LITERAL_CONVERSION = YES;
				CLANG_WARN_OBJC_ROOT_CLASS = YES_ERROR;
				CLANG_WARN_QUOTED_INCLUDE_IN_FRAMEWORK_HEADER = YES;
				CLANG_WARN_RANGE_LOOP_ANALYSIS = YES;
				CLANG_WARN_STRICT_PROTOTYPES = YES;
				CLANG_WARN_SUSPICIOUS_MOVE = YES;
				CLANG_WARN_UNGUARDED_AVAILABILITY = YES_AGGRESSIVE;
				CLANG_WARN_UNREACHABLE_CODE = YES;
				CLANG_WARN__DUPLICATE_METHOD_MATCH = YES;
				COPY_PHASE_STRIP = NO;
				DEBUG_INFORMATION_FORMAT = dwarf;
				ENABLE_STRICT_OBJC_MSGSEND = YES;
				ENABLE_TESTABILITY = YES;
				GCC_C_LANGUAGE_STANDARD = gnu11;
				GCC_DYNAMIC_NO_PIC = NO;
				GCC_NO_COMMON_BLOCKS = YES;
				GCC_OPTIMIZATION_LEVEL = 0;
				GCC_PREPROCESSOR_DEFINITIONS = (
					"DEBUG=1",
					"$(inherited)",
				);
				GCC_WARN_64_TO_32_BIT_CONVERSION = YES;
				GCC_WARN_ABOUT_RETURN_TYPE = YES_ERROR;
				GCC_WARN_UNDECLARED_SELECTOR = YES;
				GCC_WARN_UNINITIALIZED_AUTOS = YES_AGGRESSIVE;
				GCC_WARN_UNUSED_FUNCTION = YES;
				GCC_WARN_UNUSED_VARIABLE = YES;
				IPHONEOS_DEPLOYMENT_TARGET = 15.5;
				MTL_ENABLE_DEBUG_INFO = INCLUDE_SOURCE;
				MTL_FAST_MATH = YES;
				ONLY_ACTIVE_ARCH = YES;
				SDKROOT = iphoneos;
			};
			name = Debug;
		};
		8932F78C28697C8C003612CF /* Release */ = {
			isa = XCBuildConfiguration;
			buildSettings = {
				ALWAYS_SEARCH_USER_PATHS = NO;
				CLANG_ANALYZER_NONNULL = YES;
				CLANG_ANALYZER_NUMBER_OBJECT_CONVERSION = YES_AGGRESSIVE;
				CLANG_CXX_LANGUAGE_STANDARD = "gnu++17";
				CLANG_ENABLE_MODULES = YES;
				CLANG_ENABLE_OBJC_ARC = YES;
				CLANG_ENABLE_OBJC_WEAK = YES;
				CLANG_WARN_BLOCK_CAPTURE_AUTORELEASING = YES;
				CLANG_WARN_BOOL_CONVERSION = YES;
				CLANG_WARN_COMMA = YES;
				CLANG_WARN_CONSTANT_CONVERSION = YES;
				CLANG_WARN_DEPRECATED_OBJC_IMPLEMENTATIONS = YES;
				CLANG_WARN_DIRECT_OBJC_ISA_USAGE = YES_ERROR;
				CLANG_WARN_DOCUMENTATION_COMMENTS = YES;
				CLANG_WARN_EMPTY_BODY = YES;
				CLANG_WARN_ENUM_CONVERSION = YES;
				CLANG_WARN_INFINITE_RECURSION = YES;
				CLANG_WARN_INT_CONVERSION = YES;
				CLANG_WARN_NON_LITERAL_NULL_CONVERSION = YES;
				CLANG_WARN_OBJC_IMPLICIT_RETAIN_SELF = YES;
				CLANG_WARN_OBJC_LITERAL_CONVERSION = YES;
				CLANG_WARN_OBJC_ROOT_CLASS = YES_ERROR;
				CLANG_WARN_QUOTED_INCLUDE_IN_FRAMEWORK_HEADER = YES;
				CLANG_WARN_RANGE_LOOP_ANALYSIS = YES;
				CLANG_WARN_STRICT_PROTOTYPES = YES;
				CLANG_WARN_SUSPICIOUS_MOVE = YES;
				CLANG_WARN_UNGUARDED_AVAILABILITY = YES_AGGRESSIVE;
				CLANG_WARN_UNREACHABLE_CODE = YES;
				CLANG_WARN__DUPLICATE_METHOD_MATCH = YES;
				COPY_PHASE_STRIP = NO;
				DEBUG_INFORMATION_FORMAT = "dwarf-with-dsym";
				ENABLE_NS_ASSERTIONS = NO;
				ENABLE_STRICT_OBJC_MSGSEND = YES;
				GCC_C_LANGUAGE_STANDARD = gnu11;
				GCC_NO_COMMON_BLOCKS = YES;
				GCC_WARN_64_TO_32_BIT_CONVERSION = YES;
				GCC_WARN_ABOUT_RETURN_TYPE = YES_ERROR;
				GCC_WARN_UNDECLARED_SELECTOR = YES;
				GCC_WARN_UNINITIALIZED_AUTOS = YES_AGGRESSIVE;
				GCC_WARN_UNUSED_FUNCTION = YES;
				GCC_WARN_UNUSED_VARIABLE = YES;
				IPHONEOS_DEPLOYMENT_TARGET = 15.5;
				MTL_ENABLE_DEBUG_INFO = NO;
				MTL_FAST_MATH = YES;
				SDKROOT = iphoneos;
				VALIDATE_PRODUCT = YES;
			};
			name = Release;
		};
		8932F78E28697C8C003612CF /* Debug */ = {
			isa = XCBuildConfiguration;
			baseConfigurationReference = 7B358DA7F33492A579292626 /* Pods-InstagramOore.debug.xcconfig */;
			buildSettings = {
				ASSETCATALOG_COMPILER_APPICON_NAME = AppIcon;
				ASSETCATALOG_COMPILER_GLOBAL_ACCENT_COLOR_NAME = AccentColor;
				CODE_SIGN_STYLE = Automatic;
				CURRENT_PROJECT_VERSION = 1;
				DEVELOPMENT_TEAM = M97DH9RH5B;
				GENERATE_INFOPLIST_FILE = YES;
				INFOPLIST_FILE = InstagramOore/Info.plist;
				INFOPLIST_KEY_UIApplicationSupportsIndirectInputEvents = YES;
				INFOPLIST_KEY_UILaunchStoryboardName = LaunchScreen;
				INFOPLIST_KEY_UIMainStoryboardFile = Main;
				INFOPLIST_KEY_UISupportedInterfaceOrientations_iPad = "UIInterfaceOrientationPortrait UIInterfaceOrientationPortraitUpsideDown UIInterfaceOrientationLandscapeLeft UIInterfaceOrientationLandscapeRight";
				INFOPLIST_KEY_UISupportedInterfaceOrientations_iPhone = "UIInterfaceOrientationPortrait UIInterfaceOrientationLandscapeLeft UIInterfaceOrientationLandscapeRight";
				LD_RUNPATH_SEARCH_PATHS = (
					"$(inherited)",
					"@executable_path/Frameworks",
				);
				MARKETING_VERSION = 1.0;
				PRODUCT_BUNDLE_IDENTIFIER = com.facebook.InstagramOore;
				PRODUCT_NAME = "$(TARGET_NAME)";
				SWIFT_EMIT_LOC_STRINGS = YES;
				TARGETED_DEVICE_FAMILY = "1,2";
			};
			name = Debug;
		};
		8932F78F28697C8C003612CF /* Release */ = {
			isa = XCBuildConfiguration;
			baseConfigurationReference = D074C9220CD316DD0A016C84 /* Pods-InstagramOore.release.xcconfig */;
			buildSettings = {
				ASSETCATALOG_COMPILER_APPICON_NAME = AppIcon;
				ASSETCATALOG_COMPILER_GLOBAL_ACCENT_COLOR_NAME = AccentColor;
				CODE_SIGN_STYLE = Automatic;
				CURRENT_PROJECT_VERSION = 1;
				DEVELOPMENT_TEAM = M97DH9RH5B;
				GENERATE_INFOPLIST_FILE = YES;
				INFOPLIST_FILE = InstagramOore/Info.plist;
				INFOPLIST_KEY_UIApplicationSupportsIndirectInputEvents = YES;
				INFOPLIST_KEY_UILaunchStoryboardName = LaunchScreen;
				INFOPLIST_KEY_UIMainStoryboardFile = Main;
				INFOPLIST_KEY_UISupportedInterfaceOrientations_iPad = "UIInterfaceOrientationPortrait UIInterfaceOrientationPortraitUpsideDown UIInterfaceOrientationLandscapeLeft UIInterfaceOrientationLandscapeRight";
				INFOPLIST_KEY_UISupportedInterfaceOrientations_iPhone = "UIInterfaceOrientationPortrait UIInterfaceOrientationLandscapeLeft UIInterfaceOrientationLandscapeRight";
				LD_RUNPATH_SEARCH_PATHS = (
					"$(inherited)",
					"@executable_path/Frameworks",
				);
				MARKETING_VERSION = 1.0;
				PRODUCT_BUNDLE_IDENTIFIER = com.facebook.InstagramOore;
				PRODUCT_NAME = "$(TARGET_NAME)";
				SWIFT_EMIT_LOC_STRINGS = YES;
				TARGETED_DEVICE_FAMILY = "1,2";
			};
			name = Release;
		};
		8932F79128697C8C003612CF /* Debug */ = {
			isa = XCBuildConfiguration;
			baseConfigurationReference = 7638A52B53DDFA3711BC7FC0 /* Pods-InstagramOoreTests.debug.xcconfig */;
			buildSettings = {
				BUNDLE_LOADER = "$(TEST_HOST)";
				CODE_SIGN_STYLE = Automatic;
				CURRENT_PROJECT_VERSION = 1;
				DEVELOPMENT_TEAM = M97DH9RH5B;
				GENERATE_INFOPLIST_FILE = YES;
				IPHONEOS_DEPLOYMENT_TARGET = 15.5;
				MARKETING_VERSION = 1.0;
				PRODUCT_BUNDLE_IDENTIFIER = com.facebook.InstagramOoreTests;
				PRODUCT_NAME = "$(TARGET_NAME)";
				SWIFT_EMIT_LOC_STRINGS = NO;
				TARGETED_DEVICE_FAMILY = "1,2";
				TEST_HOST = "$(BUILT_PRODUCTS_DIR)/InstagramOore.app/InstagramOore";
			};
			name = Debug;
		};
		8932F79228697C8C003612CF /* Release */ = {
			isa = XCBuildConfiguration;
			baseConfigurationReference = F7A2AD24FE61E0656DFD4424 /* Pods-InstagramOoreTests.release.xcconfig */;
			buildSettings = {
				BUNDLE_LOADER = "$(TEST_HOST)";
				CODE_SIGN_STYLE = Automatic;
				CURRENT_PROJECT_VERSION = 1;
				DEVELOPMENT_TEAM = M97DH9RH5B;
				GENERATE_INFOPLIST_FILE = YES;
				IPHONEOS_DEPLOYMENT_TARGET = 15.5;
				MARKETING_VERSION = 1.0;
				PRODUCT_BUNDLE_IDENTIFIER = com.facebook.InstagramOoreTests;
				PRODUCT_NAME = "$(TARGET_NAME)";
				SWIFT_EMIT_LOC_STRINGS = NO;
				TARGETED_DEVICE_FAMILY = "1,2";
				TEST_HOST = "$(BUILT_PRODUCTS_DIR)/InstagramOore.app/InstagramOore";
			};
			name = Release;
		};
		8932F79428697C8C003612CF /* Debug */ = {
			isa = XCBuildConfiguration;
			baseConfigurationReference = 0C33650AA076A6A473039E01 /* Pods-InstagramOore-InstagramOoreUITests.debug.xcconfig */;
			buildSettings = {
				CODE_SIGN_STYLE = Automatic;
				CURRENT_PROJECT_VERSION = 1;
				DEVELOPMENT_TEAM = M97DH9RH5B;
				GENERATE_INFOPLIST_FILE = YES;
				MARKETING_VERSION = 1.0;
				PRODUCT_BUNDLE_IDENTIFIER = com.facebook.InstagramOoreUITests;
				PRODUCT_NAME = "$(TARGET_NAME)";
				SWIFT_EMIT_LOC_STRINGS = NO;
				TARGETED_DEVICE_FAMILY = "1,2";
				TEST_TARGET_NAME = InstagramOore;
			};
			name = Debug;
		};
		8932F79528697C8C003612CF /* Release */ = {
			isa = XCBuildConfiguration;
			baseConfigurationReference = D8BB3C756B62284948AF1E7D /* Pods-InstagramOore-InstagramOoreUITests.release.xcconfig */;
			buildSettings = {
				CODE_SIGN_STYLE = Automatic;
				CURRENT_PROJECT_VERSION = 1;
				DEVELOPMENT_TEAM = M97DH9RH5B;
				GENERATE_INFOPLIST_FILE = YES;
				MARKETING_VERSION = 1.0;
				PRODUCT_BUNDLE_IDENTIFIER = com.facebook.InstagramOoreUITests;
				PRODUCT_NAME = "$(TARGET_NAME)";
				SWIFT_EMIT_LOC_STRINGS = NO;
				TARGETED_DEVICE_FAMILY = "1,2";
				TEST_TARGET_NAME = InstagramOore;
			};
			name = Release;
		};
/* End XCBuildConfiguration section */

/* Begin XCConfigurationList section */
		8932F75928697C8B003612CF /* Build configuration list for PBXProject "InstagramOore" */ = {
			isa = XCConfigurationList;
			buildConfigurations = (
				8932F78B28697C8C003612CF /* Debug */,
				8932F78C28697C8C003612CF /* Release */,
			);
			defaultConfigurationIsVisible = 0;
			defaultConfigurationName = Release;
		};
		8932F78D28697C8C003612CF /* Build configuration list for PBXNativeTarget "InstagramOore" */ = {
			isa = XCConfigurationList;
			buildConfigurations = (
				8932F78E28697C8C003612CF /* Debug */,
				8932F78F28697C8C003612CF /* Release */,
			);
			defaultConfigurationIsVisible = 0;
			defaultConfigurationName = Release;
		};
		8932F79028697C8C003612CF /* Build configuration list for PBXNativeTarget "InstagramOoreTests" */ = {
			isa = XCConfigurationList;
			buildConfigurations = (
				8932F79128697C8C003612CF /* Debug */,
				8932F79228697C8C003612CF /* Release */,
			);
			defaultConfigurationIsVisible = 0;
			defaultConfigurationName = Release;
		};
		8932F79328697C8C003612CF /* Build configuration list for PBXNativeTarget "InstagramOoreUITests" */ = {
			isa = XCConfigurationList;
			buildConfigurations = (
				8932F79428697C8C003612CF /* Debug */,
				8932F79528697C8C003612CF /* Release */,
			);
			defaultConfigurationIsVisible = 0;
			defaultConfigurationName = Release;
		};
/* End XCConfigurationList section */
	};
	rootObject = 8932F75628697C8B003612CF /* Project object */;
}
